// !$*UTF8*$!
{
	archiveVersion = 1;
	classes = {
	};
	objectVersion = 55;
	objects = {

/* Begin PBXBuildFile section */
		131E92D52B16B3840021E2B8 /* IniciarSesionViewController.swift in Sources */ = {isa = PBXBuildFile; fileRef = 131E92D42B16B3840021E2B8 /* IniciarSesionViewController.swift */; };
		131E92D72B16BC990021E2B8 /* infoUserViewController.swift in Sources */ = {isa = PBXBuildFile; fileRef = 131E92D62B16BC990021E2B8 /* infoUserViewController.swift */; };
		131E92DC2B16C0BB0021E2B8 /* insertarProductoViewController.swift in Sources */ = {isa = PBXBuildFile; fileRef = 131E92DB2B16C0BB0021E2B8 /* insertarProductoViewController.swift */; };
		13E8F3822B168AFE005554EC /* AppDelegate.swift in Sources */ = {isa = PBXBuildFile; fileRef = 13E8F3812B168AFE005554EC /* AppDelegate.swift */; };
		13E8F3842B168AFE005554EC /* SceneDelegate.swift in Sources */ = {isa = PBXBuildFile; fileRef = 13E8F3832B168AFE005554EC /* SceneDelegate.swift */; };
		13E8F3862B168AFE005554EC /* ViewController.swift in Sources */ = {isa = PBXBuildFile; fileRef = 13E8F3852B168AFE005554EC /* ViewController.swift */; };
		13E8F3892B168AFE005554EC /* Main.storyboard in Resources */ = {isa = PBXBuildFile; fileRef = 13E8F3872B168AFE005554EC /* Main.storyboard */; };
		13E8F38B2B168B00005554EC /* Assets.xcassets in Resources */ = {isa = PBXBuildFile; fileRef = 13E8F38A2B168B00005554EC /* Assets.xcassets */; };
		13E8F38E2B168B00005554EC /* LaunchScreen.storyboard in Resources */ = {isa = PBXBuildFile; fileRef = 13E8F38C2B168B00005554EC /* LaunchScreen.storyboard */; };
		13E8F3982B169B45005554EC /* GoogleService-Info.plist in Resources */ = {isa = PBXBuildFile; fileRef = 13E8F3972B169B45005554EC /* GoogleService-Info.plist */; };
		B9769F0A14D9DDB26B4109D1 /* Pods_cafe.framework in Frameworks */ = {isa = PBXBuildFile; fileRef = 880B6A4065C43864D7D83070 /* Pods_cafe.framework */; };
/* End PBXBuildFile section */

/* Begin PBXFileReference section */
		131E92D42B16B3840021E2B8 /* IniciarSesionViewController.swift */ = {isa = PBXFileReference; lastKnownFileType = sourcecode.swift; path = IniciarSesionViewController.swift; sourceTree = "<group>"; };
		131E92D62B16BC990021E2B8 /* infoUserViewController.swift */ = {isa = PBXFileReference; lastKnownFileType = sourcecode.swift; path = infoUserViewController.swift; sourceTree = "<group>"; };
		131E92DB2B16C0BB0021E2B8 /* insertarProductoViewController.swift */ = {isa = PBXFileReference; lastKnownFileType = sourcecode.swift; name = insertarProductoViewController.swift; path = /Users/cesarpacho/Desktop/cafe/cafe/insertarProductoViewController.swift; sourceTree = "<absolute>"; };
		13E8F37E2B168AFE005554EC /* cafe.app */ = {isa = PBXFileReference; explicitFileType = wrapper.application; includeInIndex = 0; path = cafe.app; sourceTree = BUILT_PRODUCTS_DIR; };
		13E8F3812B168AFE005554EC /* AppDelegate.swift */ = {isa = PBXFileReference; lastKnownFileType = sourcecode.swift; path = AppDelegate.swift; sourceTree = "<group>"; };
		13E8F3832B168AFE005554EC /* SceneDelegate.swift */ = {isa = PBXFileReference; lastKnownFileType = sourcecode.swift; path = SceneDelegate.swift; sourceTree = "<group>"; };
		13E8F3852B168AFE005554EC /* ViewController.swift */ = {isa = PBXFileReference; lastKnownFileType = sourcecode.swift; path = ViewController.swift; sourceTree = "<group>"; };
		13E8F3882B168AFE005554EC /* Base */ = {isa = PBXFileReference; lastKnownFileType = file.storyboard; name = Base; path = Base.lproj/Main.storyboard; sourceTree = "<group>"; };
		13E8F38A2B168B00005554EC /* Assets.xcassets */ = {isa = PBXFileReference; lastKnownFileType = folder.assetcatalog; path = Assets.xcassets; sourceTree = "<group>"; };
		13E8F38D2B168B00005554EC /* Base */ = {isa = PBXFileReference; lastKnownFileType = file.storyboard; name = Base; path = Base.lproj/LaunchScreen.storyboard; sourceTree = "<group>"; };
		13E8F38F2B168B00005554EC /* Info.plist */ = {isa = PBXFileReference; lastKnownFileType = text.plist.xml; path = Info.plist; sourceTree = "<group>"; };
		13E8F3972B169B45005554EC /* GoogleService-Info.plist */ = {isa = PBXFileReference; fileEncoding = 4; lastKnownFileType = text.plist.xml; path = "GoogleService-Info.plist"; sourceTree = "<group>"; };
		356395D35F0871447CA30652 /* Pods-cafe.debug.xcconfig */ = {isa = PBXFileReference; includeInIndex = 1; lastKnownFileType = text.xcconfig; name = "Pods-cafe.debug.xcconfig"; path = "Target Support Files/Pods-cafe/Pods-cafe.debug.xcconfig"; sourceTree = "<group>"; };
		880B6A4065C43864D7D83070 /* Pods_cafe.framework */ = {isa = PBXFileReference; explicitFileType = wrapper.framework; includeInIndex = 0; path = Pods_cafe.framework; sourceTree = BUILT_PRODUCTS_DIR; };
		99E0A8B6C50165EA33BD6150 /* Pods-cafe.release.xcconfig */ = {isa = PBXFileReference; includeInIndex = 1; lastKnownFileType = text.xcconfig; name = "Pods-cafe.release.xcconfig"; path = "Target Support Files/Pods-cafe/Pods-cafe.release.xcconfig"; sourceTree = "<group>"; };
/* End PBXFileReference section */

/* Begin PBXFrameworksBuildPhase section */
		13E8F37B2B168AFE005554EC /* Frameworks */ = {
			isa = PBXFrameworksBuildPhase;
			buildActionMask = 2147483647;
			files = (
				B9769F0A14D9DDB26B4109D1 /* Pods_cafe.framework in Frameworks */,
			);
			runOnlyForDeploymentPostprocessing = 0;
		};
/* End PBXFrameworksBuildPhase section */

/* Begin PBXGroup section */
		13E8F3752B168AFE005554EC = {
			isa = PBXGroup;
			children = (
				13E8F3802B168AFE005554EC /* cafe */,
				13E8F37F2B168AFE005554EC /* Products */,
				62A5996AF559E4155801DB9A /* Pods */,
				862ACA99785F9478EA858307 /* Frameworks */,
			);
			sourceTree = "<group>";
		};
		13E8F37F2B168AFE005554EC /* Products */ = {
			isa = PBXGroup;
			children = (
				13E8F37E2B168AFE005554EC /* cafe.app */,
			);
			name = Products;
			sourceTree = "<group>";
		};
		13E8F3802B168AFE005554EC /* cafe */ = {
			isa = PBXGroup;
			children = (
				131E92DB2B16C0BB0021E2B8 /* insertarProductoViewController.swift */,
				13E8F3812B168AFE005554EC /* AppDelegate.swift */,
				13E8F3832B168AFE005554EC /* SceneDelegate.swift */,
				13E8F3852B168AFE005554EC /* ViewController.swift */,
				13E8F3872B168AFE005554EC /* Main.storyboard */,
				131E92D62B16BC990021E2B8 /* infoUserViewController.swift */,
				131E92D42B16B3840021E2B8 /* IniciarSesionViewController.swift */,
				13E8F38A2B168B00005554EC /* Assets.xcassets */,
				13E8F38C2B168B00005554EC /* LaunchScreen.storyboard */,
				13E8F38F2B168B00005554EC /* Info.plist */,
				13E8F3972B169B45005554EC /* GoogleService-Info.plist */,
			);
			path = cafe;
			sourceTree = "<group>";
		};
		62A5996AF559E4155801DB9A /* Pods */ = {
			isa = PBXGroup;
			children = (
				356395D35F0871447CA30652 /* Pods-cafe.debug.xcconfig */,
				99E0A8B6C50165EA33BD6150 /* Pods-cafe.release.xcconfig */,
			);
			path = Pods;
			sourceTree = "<group>";
		};
		862ACA99785F9478EA858307 /* Frameworks */ = {
			isa = PBXGroup;
			children = (
				880B6A4065C43864D7D83070 /* Pods_cafe.framework */,
			);
			name = Frameworks;
			sourceTree = "<group>";
		};
/* End PBXGroup section */

/* Begin PBXNativeTarget section */
		13E8F37D2B168AFE005554EC /* cafe */ = {
			isa = PBXNativeTarget;
			buildConfigurationList = 13E8F3922B168B00005554EC /* Build configuration list for PBXNativeTarget "cafe" */;
			buildPhases = (
				E5576B9D737A0EED248C3BC2 /* [CP] Check Pods Manifest.lock */,
				13E8F37A2B168AFE005554EC /* Sources */,
				13E8F37B2B168AFE005554EC /* Frameworks */,
				13E8F37C2B168AFE005554EC /* Resources */,
				647536B86DB23918362D531D /* [CP] Embed Pods Frameworks */,
			);
			buildRules = (
			);
			dependencies = (
			);
			name = cafe;
			productName = cafe;
			productReference = 13E8F37E2B168AFE005554EC /* cafe.app */;
			productType = "com.apple.product-type.application";
		};
/* End PBXNativeTarget section */

/* Begin PBXProject section */
		13E8F3762B168AFE005554EC /* Project object */ = {
			isa = PBXProject;
			attributes = {
				BuildIndependentTargetsInParallel = 1;
				LastSwiftUpdateCheck = 1340;
				LastUpgradeCheck = 1340;
				TargetAttributes = {
					13E8F37D2B168AFE005554EC = {
						CreatedOnToolsVersion = 13.4.1;
					};
				};
			};
			buildConfigurationList = 13E8F3792B168AFE005554EC /* Build configuration list for PBXProject "cafe" */;
			compatibilityVersion = "Xcode 13.0";
			developmentRegion = en;
			hasScannedForEncodings = 0;
			knownRegions = (
				en,
				Base,
			);
			mainGroup = 13E8F3752B168AFE005554EC;
			productRefGroup = 13E8F37F2B168AFE005554EC /* Products */;
			projectDirPath = "";
			projectRoot = "";
			targets = (
				13E8F37D2B168AFE005554EC /* cafe */,
			);
		};
/* End PBXProject section */

/* Begin PBXResourcesBuildPhase section */
		13E8F37C2B168AFE005554EC /* Resources */ = {
			isa = PBXResourcesBuildPhase;
			buildActionMask = 2147483647;
			files = (
				13E8F38E2B168B00005554EC /* LaunchScreen.storyboard in Resources */,
				13E8F3982B169B45005554EC /* GoogleService-Info.plist in Resources */,
				13E8F38B2B168B00005554EC /* Assets.xcassets in Resources */,
				13E8F3892B168AFE005554EC /* Main.storyboard in Resources */,
			);
			runOnlyForDeploymentPostprocessing = 0;
		};
/* End PBXResourcesBuildPhase section */

/* Begin PBXShellScriptBuildPhase section */
		647536B86DB23918362D531D /* [CP] Embed Pods Frameworks */ = {
			isa = PBXShellScriptBuildPhase;
			buildActionMask = 2147483647;
			files = (
			);
			inputFileListPaths = (
				"${PODS_ROOT}/Target Support Files/Pods-cafe/Pods-cafe-frameworks-${CONFIGURATION}-input-files.xcfilelist",
			);
			name = "[CP] Embed Pods Frameworks";
			outputFileListPaths = (
				"${PODS_ROOT}/Target Support Files/Pods-cafe/Pods-cafe-frameworks-${CONFIGURATION}-output-files.xcfilelist",
			);
			runOnlyForDeploymentPostprocessing = 0;
			shellPath = /bin/sh;
			shellScript = "\"${PODS_ROOT}/Target Support Files/Pods-cafe/Pods-cafe-frameworks.sh\"\n";
			showEnvVarsInLog = 0;
		};
		E5576B9D737A0EED248C3BC2 /* [CP] Check Pods Manifest.lock */ = {
			isa = PBXShellScriptBuildPhase;
			buildActionMask = 2147483647;
			files = (
			);
			inputFileListPaths = (
			);
			inputPaths = (
				"${PODS_PODFILE_DIR_PATH}/Podfile.lock",
				"${PODS_ROOT}/Manifest.lock",
			);
			name = "[CP] Check Pods Manifest.lock";
			outputFileListPaths = (
			);
			outputPaths = (
				"$(DERIVED_FILE_DIR)/Pods-cafe-checkManifestLockResult.txt",
			);
			runOnlyForDeploymentPostprocessing = 0;
			shellPath = /bin/sh;
			shellScript = "diff \"${PODS_PODFILE_DIR_PATH}/Podfile.lock\" \"${PODS_ROOT}/Manifest.lock\" > /dev/null\nif [ $? != 0 ] ; then\n    # print error to STDERR\n    echo \"error: The sandbox is not in sync with the Podfile.lock. Run 'pod install' or update your CocoaPods installation.\" >&2\n    exit 1\nfi\n# This output is used by Xcode 'outputs' to avoid re-running this script phase.\necho \"SUCCESS\" > \"${SCRIPT_OUTPUT_FILE_0}\"\n";
			showEnvVarsInLog = 0;
		};
/* End PBXShellScriptBuildPhase section */

/* Begin PBXSourcesBuildPhase section */
		13E8F37A2B168AFE005554EC /* Sources */ = {
			isa = PBXSourcesBuildPhase;
			buildActionMask = 2147483647;
			files = (
				131E92D72B16BC990021E2B8 /* infoUserViewController.swift in Sources */,
				13E8F3862B168AFE005554EC /* ViewController.swift in Sources */,
				131E92D52B16B3840021E2B8 /* IniciarSesionViewController.swift in Sources */,
				13E8F3822B168AFE005554EC /* AppDelegate.swift in Sources */,
				131E92DC2B16C0BB0021E2B8 /* insertarProductoViewController.swift in Sources */,
				13E8F3842B168AFE005554EC /* SceneDelegate.swift in Sources */,
			);
			runOnlyForDeploymentPostprocessing = 0;
		};
/* End PBXSourcesBuildPhase section */

/* Begin PBXVariantGroup section */
		13E8F3872B168AFE005554EC /* Main.storyboard */ = {
			isa = PBXVariantGroup;
			children = (
				13E8F3882B168AFE005554EC /* Base */,
			);
			name = Main.storyboard;
			sourceTree = "<group>";
		};
		13E8F38C2B168B00005554EC /* LaunchScreen.storyboard */ = {
			isa = PBXVariantGroup;
			children = (
				13E8F38D2B168B00005554EC /* Base */,
			);
			name = LaunchScreen.storyboard;
			sourceTree = "<group>";
		};
/* End PBXVariantGroup section */

/* Begin XCBuildConfiguration section */
		13E8F3902B168B00005554EC /* Debug */ = {
			isa = XCBuildConfiguration;
			buildSettings = {
				ALWAYS_SEARCH_USER_PATHS = NO;
				CLANG_ANALYZER_NONNULL = YES;
				CLANG_ANALYZER_NUMBER_OBJECT_CONVERSION = YES_AGGRESSIVE;
				CLANG_CXX_LANGUAGE_STANDARD = "gnu++17";
				CLANG_ENABLE_MODULES = YES;
				CLANG_ENABLE_OBJC_ARC = YES;
				CLANG_ENABLE_OBJC_WEAK = YES;
				CLANG_WARN_BLOCK_CAPTURE_AUTORELEASING = YES;
				CLANG_WARN_BOOL_CONVERSION = YES;
				CLANG_WARN_COMMA = YES;
				CLANG_WARN_CONSTANT_CONVERSION = YES;
				CLANG_WARN_DEPRECATED_OBJC_IMPLEMENTATIONS = YES;
				CLANG_WARN_DIRECT_OBJC_ISA_USAGE = YES_ERROR;
				CLANG_WARN_DOCUMENTATION_COMMENTS = YES;
				CLANG_WARN_EMPTY_BODY = YES;
				CLANG_WARN_ENUM_CONVERSION = YES;
				CLANG_WARN_INFINITE_RECURSION = YES;
				CLANG_WARN_INT_CONVERSION = YES;
				CLANG_WARN_NON_LITERAL_NULL_CONVERSION = YES;
				CLANG_WARN_OBJC_IMPLICIT_RETAIN_SELF = YES;
				CLANG_WARN_OBJC_LITERAL_CONVERSION = YES;
				CLANG_WARN_OBJC_ROOT_CLASS = YES_ERROR;
				CLANG_WARN_QUOTED_INCLUDE_IN_FRAMEWORK_HEADER = YES;
				CLANG_WARN_RANGE_LOOP_ANALYSIS = YES;
				CLANG_WARN_STRICT_PROTOTYPES = YES;
				CLANG_WARN_SUSPICIOUS_MOVE = YES;
				CLANG_WARN_UNGUARDED_AVAILABILITY = YES_AGGRESSIVE;
				CLANG_WARN_UNREACHABLE_CODE = YES;
				CLANG_WARN__DUPLICATE_METHOD_MATCH = YES;
				COPY_PHASE_STRIP = NO;
				DEBUG_INFORMATION_FORMAT = dwarf;
				ENABLE_STRICT_OBJC_MSGSEND = YES;
				ENABLE_TESTABILITY = YES;
				GCC_C_LANGUAGE_STANDARD = gnu11;
				GCC_DYNAMIC_NO_PIC = NO;
				GCC_NO_COMMON_BLOCKS = YES;
				GCC_OPTIMIZATION_LEVEL = 0;
				GCC_PREPROCESSOR_DEFINITIONS = (
					"DEBUG=1",
					"$(inherited)",
				);
				GCC_WARN_64_TO_32_BIT_CONVERSION = YES;
				GCC_WARN_ABOUT_RETURN_TYPE = YES_ERROR;
				GCC_WARN_UNDECLARED_SELECTOR = YES;
				GCC_WARN_UNINITIALIZED_AUTOS = YES_AGGRESSIVE;
				GCC_WARN_UNUSED_FUNCTION = YES;
				GCC_WARN_UNUSED_VARIABLE = YES;
				IPHONEOS_DEPLOYMENT_TARGET = 15.5;
				MTL_ENABLE_DEBUG_INFO = INCLUDE_SOURCE;
				MTL_FAST_MATH = YES;
				ONLY_ACTIVE_ARCH = YES;
				SDKROOT = iphoneos;
				SWIFT_ACTIVE_COMPILATION_CONDITIONS = DEBUG;
				SWIFT_OPTIMIZATION_LEVEL = "-Onone";
			};
			name = Debug;
		};
		13E8F3912B168B00005554EC /* Release */ = {
			isa = XCBuildConfiguration;
			buildSettings = {
				ALWAYS_SEARCH_USER_PATHS = NO;
				CLANG_ANALYZER_NONNULL = YES;
				CLANG_ANALYZER_NUMBER_OBJECT_CONVERSION = YES_AGGRESSIVE;
				CLANG_CXX_LANGUAGE_STANDARD = "gnu++17";
				CLANG_ENABLE_MODULES = YES;
				CLANG_ENABLE_OBJC_ARC = YES;
				CLANG_ENABLE_OBJC_WEAK = YES;
				CLANG_WARN_BLOCK_CAPTURE_AUTORELEASING = YES;
				CLANG_WARN_BOOL_CONVERSION = YES;
				CLANG_WARN_COMMA = YES;
				CLANG_WARN_CONSTANT_CONVERSION = YES;
				CLANG_WARN_DEPRECATED_OBJC_IMPLEMENTATIONS = YES;
				CLANG_WARN_DIRECT_OBJC_ISA_USAGE = YES_ERROR;
				CLANG_WARN_DOCUMENTATION_COMMENTS = YES;
				CLANG_WARN_EMPTY_BODY = YES;
				CLANG_WARN_ENUM_CONVERSION = YES;
				CLANG_WARN_INFINITE_RECURSION = YES;
				CLANG_WARN_INT_CONVERSION = YES;
				CLANG_WARN_NON_LITERAL_NULL_CONVERSION = YES;
				CLANG_WARN_OBJC_IMPLICIT_RETAIN_SELF = YES;
				CLANG_WARN_OBJC_LITERAL_CONVERSION = YES;
				CLANG_WARN_OBJC_ROOT_CLASS = YES_ERROR;
				CLANG_WARN_QUOTED_INCLUDE_IN_FRAMEWORK_HEADER = YES;
				CLANG_WARN_RANGE_LOOP_ANALYSIS = YES;
				CLANG_WARN_STRICT_PROTOTYPES = YES;
				CLANG_WARN_SUSPICIOUS_MOVE = YES;
				CLANG_WARN_UNGUARDED_AVAILABILITY = YES_AGGRESSIVE;
				CLANG_WARN_UNREACHABLE_CODE = YES;
				CLANG_WARN__DUPLICATE_METHOD_MATCH = YES;
				COPY_PHASE_STRIP = NO;
				DEBUG_INFORMATION_FORMAT = "dwarf-with-dsym";
				ENABLE_NS_ASSERTIONS = NO;
				ENABLE_STRICT_OBJC_MSGSEND = YES;
				GCC_C_LANGUAGE_STANDARD = gnu11;
				GCC_NO_COMMON_BLOCKS = YES;
				GCC_WARN_64_TO_32_BIT_CONVERSION = YES;
				GCC_WARN_ABOUT_RETURN_TYPE = YES_ERROR;
				GCC_WARN_UNDECLARED_SELECTOR = YES;
				GCC_WARN_UNINITIALIZED_AUTOS = YES_AGGRESSIVE;
				GCC_WARN_UNUSED_FUNCTION = YES;
				GCC_WARN_UNUSED_VARIABLE = YES;
				IPHONEOS_DEPLOYMENT_TARGET = 15.5;
				MTL_ENABLE_DEBUG_INFO = NO;
				MTL_FAST_MATH = YES;
				SDKROOT = iphoneos;
				SWIFT_COMPILATION_MODE = wholemodule;
				SWIFT_OPTIMIZATION_LEVEL = "-O";
				VALIDATE_PRODUCT = YES;
			};
			name = Release;
		};
		13E8F3932B168B00005554EC /* Debug */ = {
			isa = XCBuildConfiguration;
			baseConfigurationReference = 356395D35F0871447CA30652 /* Pods-cafe.debug.xcconfig */;
			buildSettings = {
				ASSETCATALOG_COMPILER_APPICON_NAME = AppIcon;
				ASSETCATALOG_COMPILER_GLOBAL_ACCENT_COLOR_NAME = AccentColor;
				CODE_SIGN_STYLE = Automatic;
				CURRENT_PROJECT_VERSION = 1;
				GENERATE_INFOPLIST_FILE = YES;
				INFOPLIST_FILE = cafe/Info.plist;
				INFOPLIST_KEY_UIApplicationSupportsIndirectInputEvents = YES;
				INFOPLIST_KEY_UILaunchStoryboardName = LaunchScreen;
				INFOPLIST_KEY_UIMainStoryboardFile = Main;
				INFOPLIST_KEY_UISupportedInterfaceOrientations_iPad = "UIInterfaceOrientationPortrait UIInterfaceOrientationPortraitUpsideDown UIInterfaceOrientationLandscapeLeft UIInterfaceOrientationLandscapeRight";
				INFOPLIST_KEY_UISupportedInterfaceOrientations_iPhone = "UIInterfaceOrientationPortrait UIInterfaceOrientationLandscapeLeft UIInterfaceOrientationLandscapeRight";
				LD_RUNPATH_SEARCH_PATHS = (
					"$(inherited)",
					"@executable_path/Frameworks",
				);
				MARKETING_VERSION = 1.0;
				PRODUCT_BUNDLE_IDENTIFIER = cesar.cafe;
				PRODUCT_NAME = "$(TARGET_NAME)";
				SWIFT_EMIT_LOC_STRINGS = YES;
				SWIFT_VERSION = 5.0;
				TARGETED_DEVICE_FAMILY = "1,2";
			};
			name = Debug;
		};
		13E8F3942B168B00005554EC /* Release */ = {
			isa = XCBuildConfiguration;
			baseConfigurationReference = 99E0A8B6C50165EA33BD6150 /* Pods-cafe.release.xcconfig */;
			buildSettings = {
				ASSETCATALOG_COMPILER_APPICON_NAME = AppIcon;
				ASSETCATALOG_COMPILER_GLOBAL_ACCENT_COLOR_NAME = AccentColor;
				CODE_SIGN_STYLE = Automatic;
				CURRENT_PROJECT_VERSION = 1;
				GENERATE_INFOPLIST_FILE = YES;
				INFOPLIST_FILE = cafe/Info.plist;
				INFOPLIST_KEY_UIApplicationSupportsIndirectInputEvents = YES;
				INFOPLIST_KEY_UILaunchStoryboardName = LaunchScreen;
				INFOPLIST_KEY_UIMainStoryboardFile = Main;
				INFOPLIST_KEY_UISupportedInterfaceOrientations_iPad = "UIInterfaceOrientationPortrait UIInterfaceOrientationPortraitUpsideDown UIInterfaceOrientationLandscapeLeft UIInterfaceOrientationLandscapeRight";
				INFOPLIST_KEY_UISupportedInterfaceOrientations_iPhone = "UIInterfaceOrientationPortrait UIInterfaceOrientationLandscapeLeft UIInterfaceOrientationLandscapeRight";
				LD_RUNPATH_SEARCH_PATHS = (
					"$(inherited)",
					"@executable_path/Frameworks",
				);
				MARKETING_VERSION = 1.0;
				PRODUCT_BUNDLE_IDENTIFIER = cesar.cafe;
				PRODUCT_NAME = "$(TARGET_NAME)";
				SWIFT_EMIT_LOC_STRINGS = YES;
				SWIFT_VERSION = 5.0;
				TARGETED_DEVICE_FAMILY = "1,2";
			};
			name = Release;
		};
/* End XCBuildConfiguration section */

/* Begin XCConfigurationList section */
		13E8F3792B168AFE005554EC /* Build configuration list for PBXProject "cafe" */ = {
			isa = XCConfigurationList;
			buildConfigurations = (
				13E8F3902B168B00005554EC /* Debug */,
				13E8F3912B168B00005554EC /* Release */,
			);
			defaultConfigurationIsVisible = 0;
			defaultConfigurationName = Release;
		};
		13E8F3922B168B00005554EC /* Build configuration list for PBXNativeTarget "cafe" */ = {
			isa = XCConfigurationList;
			buildConfigurations = (
				13E8F3932B168B00005554EC /* Debug */,
				13E8F3942B168B00005554EC /* Release */,
			);
			defaultConfigurationIsVisible = 0;
			defaultConfigurationName = Release;
		};
/* End XCConfigurationList section */
	};
	rootObject = 13E8F3762B168AFE005554EC /* Project object */;
}
